{
  "name": "ddoktti-here-website",
  "version": "1.0.0",
  "lockfileVersion": 3,
  "requires": true,
  "packages": {
    "": {
      "name": "ddoktti-here-website",
      "version": "1.0.0",
      "devDependencies": {
        "marked": "18.0.14"
      },
      "engines": {
        "node": ">=24"
      }
    },
    "node_modules/marked": {
      "version": "18.0.14",
      "resolved": "https://registry.npmjs.org/marked/-/marked-18.0.14.tgz",
      "integrity": "sha512-mBHK6FBHuBAlhgRe88w9F0O1AbwwXJUcQibUbC/QcdTbVGAD7aWza+xt3N6oT/jCZx3/OMeS+8rnuiHZcQ9s7A==",
      "dev": true,
      "license": "MIT",
      "bin": {
        "marked": "bin/marked.js"
      },
      "engines": {
        "node": ">= 20"
      }
    }
  }
}
